{
  "name": "sb-dashboard",
  "version": "0.0.1",
  "lockfileVersion": 1,
  "requires": true,
  "dependencies": {
    "@angular/animations": {
      "version": "6.0.3",
      "resolved": "https://registry.npmjs.org/@angular/animations/-/animations-6.0.3.tgz",
      "integrity": "sha512-X8ey0dvh2ielxPCJOCcdNPAmKW5toCpzHdbjdZqlR9o6uP1UmzEKHd7Un7jVIINRtq9ZB7vnFWIJl0BA7C8U0g==",
      "requires": {
        "tslib": "1.9.2"
      }
    },
    "ng4-loading-spinner": {
      "version": "1.1.0",
      "resolved": "https://registry.npmjs.org/ng4-loading-spinner/-/ng4-loading-spinner-1.1.0.tgz",
      "integrity": "sha1-IUUDL+LympFEoe4uToNRQp972pk="
    },
    "ngx-monaco-editor": {
      "version": "5.0.0",
      "resolved": "https://registry.npmjs.org/ngx-monaco-editor/-/ngx-monaco-editor-5.0.0.tgz",
      "integrity": "sha512-95MARPggYrpwk0Sf6IisaOw82Y/FQ5084kdX6vGzMLmaNnz4Dg2Uo/WoYTnbV+1299VMwdS0RgtQiZPhKlD/kQ=="
    },
    "tslib": {
      "version": "1.9.2",
      "resolved": "https://registry.npmjs.org/tslib/-/tslib-1.9.2.tgz",
      "integrity": "sha512-AVP5Xol3WivEr7hnssHDsaM+lVrVXWUvd1cfXTRkTj80b//6g2wIFEH6hZG0muGZRnHGrfttpdzRk3YlBkWjKw=="
    }
  }
}
